
Microsoft Visual Studio Solution File, Format Version 12.00
# Visual Studio Version 17
VisualStudioVersion = 17.8.34330.188
MinimumVisualStudioVersion = 10.0.40219.1
Project("{2150E333-8FDC-42A3-9474-1A3956D46DE8}") = "1-Api", "1-Api", "{F8500E67-A9A8-413A-86BF-92D82868841D}"
EndProject
Project("{2150E333-8FDC-42A3-9474-1A3956D46DE8}") = "2-Application", "2-Application", "{BE6E5EB4-FDE8-42CB-A247-EAA168C46BFD}"
EndProject
Project("{2150E333-8FDC-42A3-9474-1A3956D46DE8}") = "3-Domain", "3-Domain", "{358F7286-1BC2-47DC-A476-CA6FCD1318F5}"
EndProject
Project("{2150E333-8FDC-42A3-9474-1A3956D46DE8}") = "4-Infra", "4-Infra", "{4598A975-17AB-4630-94E6-725511150837}"
EndProject
Project("{2150E333-8FDC-42A3-9474-1A3956D46DE8}") = "4.1-Data", "4.1-Data", "{8FDD23D7-6C0D-43AA-BDFB-BBB032D3956F}"
EndProject
Project("{2150E333-8FDC-42A3-9474-1A3956D46DE8}") = "4.2-CrossCuting", "4.2-CrossCuting", "{29AFA925-B279-4EBB-9989-F9BA40DE0EB5}"
EndProject
Project("{9A19103F-16F7-4668-BE54-9A1E7A4F7556}") = "Lartech.Domain", "Src\Lartech.Domain\Lartech.Domain.csproj", "{4398A386-AEE9-47BE-8DC7-CF517131A64F}"
EndProject
Project("{9A19103F-16F7-4668-BE54-9A1E7A4F7556}") = "Lartech.Data", "Src\Lartech.Pessoa.Data\Lartech.Data.csproj", "{FE105348-F889-441B-8AED-F5E64664C3AB}"
EndProject
Project("{9A19103F-16F7-4668-BE54-9A1E7A4F7556}") = "Lartech.Api", "Src\Lartech.Api\Lartech.Api.csproj", "{863640E6-81D7-4C24-BA54-4B0F14F2E409}"
EndProject
Project("{9A19103F-16F7-4668-BE54-9A1E7A4F7556}") = "Lartech.Application", "Src\Lartech.Application\Lartech.Application.csproj", "{CB4BE60B-4CB6-4374-8221-49986F32DDA1}"
EndProject
Global
	GlobalSection(SolutionConfigurationPlatforms) = preSolution
		Debug|Any CPU = Debug|Any CPU
		Release|Any CPU = Release|Any CPU
	EndGlobalSection
	GlobalSection(ProjectConfigurationPlatforms) = postSolution
		{4398A386-AEE9-47BE-8DC7-CF517131A64F}.Debug|Any CPU.ActiveCfg = Debug|Any CPU
		{4398A386-AEE9-47BE-8DC7-CF517131A64F}.Debug|Any CPU.Build.0 = Debug|Any CPU
		{4398A386-AEE9-47BE-8DC7-CF517131A64F}.Release|Any CPU.ActiveCfg = Release|Any CPU
		{4398A386-AEE9-47BE-8DC7-CF517131A64F}.Release|Any CPU.Build.0 = Release|Any CPU
		{FE105348-F889-441B-8AED-F5E64664C3AB}.Debug|Any CPU.ActiveCfg = Debug|Any CPU
		{FE105348-F889-441B-8AED-F5E64664C3AB}.Debug|Any CPU.Build.0 = Debug|Any CPU
		{FE105348-F889-441B-8AED-F5E64664C3AB}.Release|Any CPU.ActiveCfg = Release|Any CPU
		{FE105348-F889-441B-8AED-F5E64664C3AB}.Release|Any CPU.Build.0 = Release|Any CPU
		{863640E6-81D7-4C24-BA54-4B0F14F2E409}.Debug|Any CPU.ActiveCfg = Debug|Any CPU
		{863640E6-81D7-4C24-BA54-4B0F14F2E409}.Debug|Any CPU.Build.0 = Debug|Any CPU
		{863640E6-81D7-4C24-BA54-4B0F14F2E409}.Release|Any CPU.ActiveCfg = Release|Any CPU
		{863640E6-81D7-4C24-BA54-4B0F14F2E409}.Release|Any CPU.Build.0 = Release|Any CPU
		{CB4BE60B-4CB6-4374-8221-49986F32DDA1}.Debug|Any CPU.ActiveCfg = Debug|Any CPU
		{CB4BE60B-4CB6-4374-8221-49986F32DDA1}.Debug|Any CPU.Build.0 = Debug|Any CPU
		{CB4BE60B-4CB6-4374-8221-49986F32DDA1}.Release|Any CPU.ActiveCfg = Release|Any CPU
		{CB4BE60B-4CB6-4374-8221-49986F32DDA1}.Release|Any CPU.Build.0 = Release|Any CPU
	EndGlobalSection
	GlobalSection(SolutionProperties) = preSolution
		HideSolutionNode = FALSE
	EndGlobalSection
	GlobalSection(NestedProjects) = preSolution
		{8FDD23D7-6C0D-43AA-BDFB-BBB032D3956F} = {4598A975-17AB-4630-94E6-725511150837}
		{29AFA925-B279-4EBB-9989-F9BA40DE0EB5} = {4598A975-17AB-4630-94E6-725511150837}
		{4398A386-AEE9-47BE-8DC7-CF517131A64F} = {358F7286-1BC2-47DC-A476-CA6FCD1318F5}
		{FE105348-F889-441B-8AED-F5E64664C3AB} = {8FDD23D7-6C0D-43AA-BDFB-BBB032D3956F}
		{863640E6-81D7-4C24-BA54-4B0F14F2E409} = {F8500E67-A9A8-413A-86BF-92D82868841D}
		{CB4BE60B-4CB6-4374-8221-49986F32DDA1} = {BE6E5EB4-FDE8-42CB-A247-EAA168C46BFD}
	EndGlobalSection
	GlobalSection(ExtensibilityGlobals) = postSolution
		SolutionGuid = {CC904026-DB70-4B8C-B3A3-23FDA83AD167}
	EndGlobalSection
EndGlobal
